
Microsoft Visual Studio Solution File, Format Version 12.00
# Visual Studio 2013
VisualStudioVersion = 12.0.31101.0
MinimumVisualStudioVersion = 10.0.40219.1
Project("{FAE04EC0-301F-11D3-BF4B-00C04F79EFBC}") = "01.AllocateArray", "AllocateArray\01.AllocateArray.csproj", "{D56E50ED-1E30-4F8D-88E3-D639DCC73977}"
EndProject
Project("{FAE04EC0-301F-11D3-BF4B-00C04F79EFBC}") = "02.CompareArrays", "CompareArrays\02.CompareArrays.csproj", "{36666866-A4A8-49BE-AAEF-A36AB61D98CD}"
EndProject
Global
	GlobalSection(SolutionConfigurationPlatforms) = preSolution
		Debug|Any CPU = Debug|Any CPU
		Release|Any CPU = Release|Any CPU
	EndGlobalSection
	GlobalSection(ProjectConfigurationPlatforms) = postSolution
		{D56E50ED-1E30-4F8D-88E3-D639DCC73977}.Debug|Any CPU.ActiveCfg = Debug|Any CPU
		{D56E50ED-1E30-4F8D-88E3-D639DCC73977}.Debug|Any CPU.Build.0 = Debug|Any CPU
		{D56E50ED-1E30-4F8D-88E3-D639DCC73977}.Release|Any CPU.ActiveCfg = Release|Any CPU
		{D56E50ED-1E30-4F8D-88E3-D639DCC73977}.Release|Any CPU.Build.0 = Release|Any CPU
		{36666866-A4A8-49BE-AAEF-A36AB61D98CD}.Debug|Any CPU.ActiveCfg = Debug|Any CPU
		{36666866-A4A8-49BE-AAEF-A36AB61D98CD}.Debug|Any CPU.Build.0 = Debug|Any CPU
		{36666866-A4A8-49BE-AAEF-A36AB61D98CD}.Release|Any CPU.ActiveCfg = Release|Any CPU
		{36666866-A4A8-49BE-AAEF-A36AB61D98CD}.Release|Any CPU.Build.0 = Release|Any CPU
	EndGlobalSection
	GlobalSection(SolutionProperties) = preSolution
		HideSolutionNode = FALSE
	EndGlobalSection
EndGlobal
