
Microsoft Visual Studio Solution File, Format Version 12.00
# Visual Studio 2013
VisualStudioVersion = 12.0.31101.0
MinimumVisualStudioVersion = 10.0.40219.1
Project("{FAE04EC0-301F-11D3-BF4B-00C04F79EFBC}") = "01.ExchangeIfGreater", "ExchangeIfGreater\01.ExchangeIfGreater.csproj", "{6A2D3B19-2E87-4099-B91D-82E1B6DD6FA0}"
EndProject
Project("{FAE04EC0-301F-11D3-BF4B-00C04F79EFBC}") = "02.BonusScore", "BonusScore\02.BonusScore.csproj", "{64D533DC-1838-4E58-B561-72FB3D5B08D9}"
EndProject
Project("{FAE04EC0-301F-11D3-BF4B-00C04F79EFBC}") = "03.CheckPlayCard", "CheckPlayCard\03.CheckPlayCard.csproj", "{8AE69C50-AC3C-4896-B952-6DA67F57749F}"
EndProject
Project("{FAE04EC0-301F-11D3-BF4B-00C04F79EFBC}") = "04.MultiplicationSign", "MultiplicationSign\04.MultiplicationSign.csproj", "{200FBE02-4CE3-45D2-B63B-846AD4B9134E}"
EndProject
Project("{FAE04EC0-301F-11D3-BF4B-00C04F79EFBC}") = "05.Biggest3Numbers", "Biggest3Numbers\05.Biggest3Numbers.csproj", "{3FA5C0BD-F699-471F-AC1D-A6534AE4D851}"
EndProject
Project("{FAE04EC0-301F-11D3-BF4B-00C04F79EFBC}") = "06.BiggestFiveNumbers", "BiggestFiveNumbers\06.BiggestFiveNumbers.csproj", "{BABE5249-5FEF-4DDF-8190-E1E01CAEDABC}"
EndProject
Project("{FAE04EC0-301F-11D3-BF4B-00C04F79EFBC}") = "07.Sort3NumbersNestedIfs", "Sort3NumbersNestedIfs\07.Sort3NumbersNestedIfs.csproj", "{947508A7-57FA-4814-AAE5-C390F54AA649}"
EndProject
Project("{FAE04EC0-301F-11D3-BF4B-00C04F79EFBC}") = "08.DigitWord", "DigitWord\08.DigitWord.csproj", "{E4E42428-A2B5-4125-9CA8-70B9670E5DCE}"
EndProject
Project("{FAE04EC0-301F-11D3-BF4B-00C04F79EFBC}") = "09.PlayIntDoubleString", "PlayIntDoubleString\09.PlayIntDoubleString.csproj", "{AC001C66-1E59-4F6E-A093-3D397F58A2C4}"
EndProject
Project("{FAE04EC0-301F-11D3-BF4B-00C04F79EFBC}") = "10.BeerTime", "BeerTime\10.BeerTime.csproj", "{2D74FB8D-9D4A-41D3-8592-E942085B391F}"
EndProject
Global
	GlobalSection(SolutionConfigurationPlatforms) = preSolution
		Debug|Any CPU = Debug|Any CPU
		Release|Any CPU = Release|Any CPU
	EndGlobalSection
	GlobalSection(ProjectConfigurationPlatforms) = postSolution
		{6A2D3B19-2E87-4099-B91D-82E1B6DD6FA0}.Debug|Any CPU.ActiveCfg = Debug|Any CPU
		{6A2D3B19-2E87-4099-B91D-82E1B6DD6FA0}.Debug|Any CPU.Build.0 = Debug|Any CPU
		{6A2D3B19-2E87-4099-B91D-82E1B6DD6FA0}.Release|Any CPU.ActiveCfg = Release|Any CPU
		{6A2D3B19-2E87-4099-B91D-82E1B6DD6FA0}.Release|Any CPU.Build.0 = Release|Any CPU
		{64D533DC-1838-4E58-B561-72FB3D5B08D9}.Debug|Any CPU.ActiveCfg = Debug|Any CPU
		{64D533DC-1838-4E58-B561-72FB3D5B08D9}.Debug|Any CPU.Build.0 = Debug|Any CPU
		{64D533DC-1838-4E58-B561-72FB3D5B08D9}.Release|Any CPU.ActiveCfg = Release|Any CPU
		{64D533DC-1838-4E58-B561-72FB3D5B08D9}.Release|Any CPU.Build.0 = Release|Any CPU
		{8AE69C50-AC3C-4896-B952-6DA67F57749F}.Debug|Any CPU.ActiveCfg = Debug|Any CPU
		{8AE69C50-AC3C-4896-B952-6DA67F57749F}.Debug|Any CPU.Build.0 = Debug|Any CPU
		{8AE69C50-AC3C-4896-B952-6DA67F57749F}.Release|Any CPU.ActiveCfg = Release|Any CPU
		{8AE69C50-AC3C-4896-B952-6DA67F57749F}.Release|Any CPU.Build.0 = Release|Any CPU
		{200FBE02-4CE3-45D2-B63B-846AD4B9134E}.Debug|Any CPU.ActiveCfg = Debug|Any CPU
		{200FBE02-4CE3-45D2-B63B-846AD4B9134E}.Debug|Any CPU.Build.0 = Debug|Any CPU
		{200FBE02-4CE3-45D2-B63B-846AD4B9134E}.Release|Any CPU.ActiveCfg = Release|Any CPU
		{200FBE02-4CE3-45D2-B63B-846AD4B9134E}.Release|Any CPU.Build.0 = Release|Any CPU
		{3FA5C0BD-F699-471F-AC1D-A6534AE4D851}.Debug|Any CPU.ActiveCfg = Debug|Any CPU
		{3FA5C0BD-F699-471F-AC1D-A6534AE4D851}.Debug|Any CPU.Build.0 = Debug|Any CPU
		{3FA5C0BD-F699-471F-AC1D-A6534AE4D851}.Release|Any CPU.ActiveCfg = Release|Any CPU
		{3FA5C0BD-F699-471F-AC1D-A6534AE4D851}.Release|Any CPU.Build.0 = Release|Any CPU
		{BABE5249-5FEF-4DDF-8190-E1E01CAEDABC}.Debug|Any CPU.ActiveCfg = Debug|Any CPU
		{BABE5249-5FEF-4DDF-8190-E1E01CAEDABC}.Debug|Any CPU.Build.0 = Debug|Any CPU
		{BABE5249-5FEF-4DDF-8190-E1E01CAEDABC}.Release|Any CPU.ActiveCfg = Release|Any CPU
		{BABE5249-5FEF-4DDF-8190-E1E01CAEDABC}.Release|Any CPU.Build.0 = Release|Any CPU
		{947508A7-57FA-4814-AAE5-C390F54AA649}.Debug|Any CPU.ActiveCfg = Debug|Any CPU
		{947508A7-57FA-4814-AAE5-C390F54AA649}.Debug|Any CPU.Build.0 = Debug|Any CPU
		{947508A7-57FA-4814-AAE5-C390F54AA649}.Release|Any CPU.ActiveCfg = Release|Any CPU
		{947508A7-57FA-4814-AAE5-C390F54AA649}.Release|Any CPU.Build.0 = Release|Any CPU
		{E4E42428-A2B5-4125-9CA8-70B9670E5DCE}.Debug|Any CPU.ActiveCfg = Debug|Any CPU
		{E4E42428-A2B5-4125-9CA8-70B9670E5DCE}.Debug|Any CPU.Build.0 = Debug|Any CPU
		{E4E42428-A2B5-4125-9CA8-70B9670E5DCE}.Release|Any CPU.ActiveCfg = Release|Any CPU
		{E4E42428-A2B5-4125-9CA8-70B9670E5DCE}.Release|Any CPU.Build.0 = Release|Any CPU
		{AC001C66-1E59-4F6E-A093-3D397F58A2C4}.Debug|Any CPU.ActiveCfg = Debug|Any CPU
		{AC001C66-1E59-4F6E-A093-3D397F58A2C4}.Debug|Any CPU.Build.0 = Debug|Any CPU
		{AC001C66-1E59-4F6E-A093-3D397F58A2C4}.Release|Any CPU.ActiveCfg = Release|Any CPU
		{AC001C66-1E59-4F6E-A093-3D397F58A2C4}.Release|Any CPU.Build.0 = Release|Any CPU
		{2D74FB8D-9D4A-41D3-8592-E942085B391F}.Debug|Any CPU.ActiveCfg = Debug|Any CPU
		{2D74FB8D-9D4A-41D3-8592-E942085B391F}.Debug|Any CPU.Build.0 = Debug|Any CPU
		{2D74FB8D-9D4A-41D3-8592-E942085B391F}.Release|Any CPU.ActiveCfg = Release|Any CPU
		{2D74FB8D-9D4A-41D3-8592-E942085B391F}.Release|Any CPU.Build.0 = Release|Any CPU
	EndGlobalSection
	GlobalSection(SolutionProperties) = preSolution
		HideSolutionNode = FALSE
	EndGlobalSection
EndGlobal
